
Microsoft Visual Studio Solution File, Format Version 12.00
# Visual Studio Version 17
VisualStudioVersion = 17.13.35913.81
MinimumVisualStudioVersion = 10.0.40219.1
Project("{FAE04EC0-301F-11D3-BF4B-00C04F79EFBC}") = "SpendWise.Presentation", "SpendWise_1\SpendWise.Presentation.csproj", "{242144EB-E372-461E-AD61-31E09081E49C}"
EndProject
Project("{FAE04EC0-301F-11D3-BF4B-00C04F79EFBC}") = "SpendWise.Data", "SpendWise.Data\SpendWise.Data.csproj", "{20EDBB91-EF9F-4208-A694-52F24A79DAF5}"
EndProject
Project("{FAE04EC0-301F-11D3-BF4B-00C04F79EFBC}") = "SpendWise.Logic", "SpendWise.Logic\SpendWise.Logic.csproj", "{A3B9568B-948A-4CCA-A569-5CF04012DD43}"
EndProject
Global
	GlobalSection(SolutionConfigurationPlatforms) = preSolution
		Debug|Any CPU = Debug|Any CPU
		Release|Any CPU = Release|Any CPU
	EndGlobalSection
	GlobalSection(ProjectConfigurationPlatforms) = postSolution
		{242144EB-E372-461E-AD61-31E09081E49C}.Debug|Any CPU.ActiveCfg = Debug|Any CPU
		{242144EB-E372-461E-AD61-31E09081E49C}.Debug|Any CPU.Build.0 = Debug|Any CPU
		{242144EB-E372-461E-AD61-31E09081E49C}.Release|Any CPU.ActiveCfg = Release|Any CPU
		{242144EB-E372-461E-AD61-31E09081E49C}.Release|Any CPU.Build.0 = Release|Any CPU
		{20EDBB91-EF9F-4208-A694-52F24A79DAF5}.Debug|Any CPU.ActiveCfg = Debug|Any CPU
		{20EDBB91-EF9F-4208-A694-52F24A79DAF5}.Debug|Any CPU.Build.0 = Debug|Any CPU
		{20EDBB91-EF9F-4208-A694-52F24A79DAF5}.Release|Any CPU.ActiveCfg = Release|Any CPU
		{20EDBB91-EF9F-4208-A694-52F24A79DAF5}.Release|Any CPU.Build.0 = Release|Any CPU
		{A3B9568B-948A-4CCA-A569-5CF04012DD43}.Debug|Any CPU.ActiveCfg = Debug|Any CPU
		{A3B9568B-948A-4CCA-A569-5CF04012DD43}.Debug|Any CPU.Build.0 = Debug|Any CPU
		{A3B9568B-948A-4CCA-A569-5CF04012DD43}.Release|Any CPU.ActiveCfg = Release|Any CPU
		{A3B9568B-948A-4CCA-A569-5CF04012DD43}.Release|Any CPU.Build.0 = Release|Any CPU
	EndGlobalSection
	GlobalSection(SolutionProperties) = preSolution
		HideSolutionNode = FALSE
	EndGlobalSection
	GlobalSection(ExtensibilityGlobals) = postSolution
		SolutionGuid = {FBE34959-8D43-445C-AA63-89D3802CC101}
	EndGlobalSection
EndGlobal
